Microsoft Visual Studio Solution File, Format Version 12.00
# Visual Studio Version 17
VisualStudioVersion = 17.5.2.0
MinimumVisualStudioVersion = 10.0.40219.1
Project("{FAE04EC0-301F-11D3-BF4B-00C04F79EFBC}") = "WebApiMusicas", "WebApiMusicas\WebApiMusicas.csproj", "{9B181BEB-6022-443A-85DF-CF05C460D4E1}"
EndProject
Project("{FAE04EC0-301F-11D3-BF4B-00C04F79EFBC}") = "Musicas.Core", "Musicas.Core\Musicas.Core.csproj", "{57DF61FE-04CD-45BD-9A7A-BEB21FE2F5AB}"
EndProject
Project("{FAE04EC0-301F-11D3-BF4B-00C04F79EFBC}") = "ConsoleMusicas", "ConsoleMusicas\ConsoleMusicas.csproj", "{29E4318A-4D8D-45DC-9947-510B82806CCF}"
EndProject
Global
	GlobalSection(SolutionConfigurationPlatforms) = preSolution
		Debug|Any CPU = Debug|Any CPU
		Release|Any CPU = Release|Any CPU
	EndGlobalSection
	GlobalSection(ProjectConfigurationPlatforms) = postSolution
		{9B181BEB-6022-443A-85DF-CF05C460D4E1}.Debug|Any CPU.ActiveCfg = Debug|Any CPU
		{9B181BEB-6022-443A-85DF-CF05C460D4E1}.Debug|Any CPU.Build.0 = Debug|Any CPU
		{9B181BEB-6022-443A-85DF-CF05C460D4E1}.Debug|x64.ActiveCfg = Debug|Any CPU
		{9B181BEB-6022-443A-85DF-CF05C460D4E1}.Debug|x64.Build.0 = Debug|Any CPU
		{9B181BEB-6022-443A-85DF-CF05C460D4E1}.Debug|x86.ActiveCfg = Debug|Any CPU
		{9B181BEB-6022-443A-85DF-CF05C460D4E1}.Debug|x86.Build.0 = Debug|Any CPU
		{9B181BEB-6022-443A-85DF-CF05C460D4E1}.Release|Any CPU.ActiveCfg = Release|Any CPU
		{9B181BEB-6022-443A-85DF-CF05C460D4E1}.Release|Any CPU.Build.0 = Release|Any CPU
		{9B181BEB-6022-443A-85DF-CF05C460D4E1}.Release|x64.ActiveCfg = Release|Any CPU
		{9B181BEB-6022-443A-85DF-CF05C460D4E1}.Release|x64.Build.0 = Release|Any CPU
		{9B181BEB-6022-443A-85DF-CF05C460D4E1}.Release|x86.ActiveCfg = Release|Any CPU
		{9B181BEB-6022-443A-85DF-CF05C460D4E1}.Release|x86.Build.0 = Release|Any CPU
		{57DF61FE-04CD-45BD-9A7A-BEB21FE2F5AB}.Debug|Any CPU.ActiveCfg = Debug|Any CPU
		{57DF61FE-04CD-45BD-9A7A-BEB21FE2F5AB}.Debug|Any CPU.Build.0 = Debug|Any CPU
		{57DF61FE-04CD-45BD-9A7A-BEB21FE2F5AB}.Debug|x64.ActiveCfg = Debug|Any CPU
		{57DF61FE-04CD-45BD-9A7A-BEB21FE2F5AB}.Debug|x64.Build.0 = Debug|Any CPU
		{57DF61FE-04CD-45BD-9A7A-BEB21FE2F5AB}.Debug|x86.ActiveCfg = Debug|Any CPU
		{57DF61FE-04CD-45BD-9A7A-BEB21FE2F5AB}.Debug|x86.Build.0 = Debug|Any CPU
		{57DF61FE-04CD-45BD-9A7A-BEB21FE2F5AB}.Release|Any CPU.ActiveCfg = Release|Any CPU
		{57DF61FE-04CD-45BD-9A7A-BEB21FE2F5AB}.Release|Any CPU.Build.0 = Release|Any CPU
		{57DF61FE-04CD-45BD-9A7A-BEB21FE2F5AB}.Release|x64.ActiveCfg = Release|Any CPU
		{57DF61FE-04CD-45BD-9A7A-BEB21FE2F5AB}.Release|x64.Build.0 = Release|Any CPU
		{57DF61FE-04CD-45BD-9A7A-BEB21FE2F5AB}.Release|x86.ActiveCfg = Release|Any CPU
		{57DF61FE-04CD-45BD-9A7A-BEB21FE2F5AB}.Release|x86.Build.0 = Release|Any CPU
		{29E4318A-4D8D-45DC-9947-510B82806CCF}.Debug|Any CPU.ActiveCfg = Debug|Any CPU
		{29E4318A-4D8D-45DC-9947-510B82806CCF}.Debug|Any CPU.Build.0 = Debug|Any CPU
		{29E4318A-4D8D-45DC-9947-510B82806CCF}.Debug|x64.ActiveCfg = Debug|Any CPU
		{29E4318A-4D8D-45DC-9947-510B82806CCF}.Debug|x64.Build.0 = Debug|Any CPU
		{29E4318A-4D8D-45DC-9947-510B82806CCF}.Debug|x86.ActiveCfg = Debug|Any CPU
		{29E4318A-4D8D-45DC-9947-510B82806CCF}.Debug|x86.Build.0 = Debug|Any CPU
		{29E4318A-4D8D-45DC-9947-510B82806CCF}.Release|Any CPU.ActiveCfg = Release|Any CPU
		{29E4318A-4D8D-45DC-9947-510B82806CCF}.Release|Any CPU.Build.0 = Release|Any CPU
		{29E4318A-4D8D-45DC-9947-510B82806CCF}.Release|x64.ActiveCfg = Release|Any CPU
		{29E4318A-4D8D-45DC-9947-510B82806CCF}.Release|x64.Build.0 = Release|Any CPU
		{29E4318A-4D8D-45DC-9947-510B82806CCF}.Release|x86.ActiveCfg = Release|Any CPU
		{29E4318A-4D8D-45DC-9947-510B82806CCF}.Release|x86.Build.0 = Release|Any CPU
	EndGlobalSection
	GlobalSection(SolutionProperties) = preSolution
		HideSolutionNode = FALSE
	EndGlobalSection
	GlobalSection(ExtensibilityGlobals) = postSolution
		SolutionGuid = {FC9ECF07-A3EA-4922-8404-56FB82619620}
	EndGlobalSection
EndGlobal
